// !$*UTF8*$!
{
	archiveVersion = 1;
	classes = {
	};
	objectVersion = 55;
	objects = {

/* Begin PBXBuildFile section */
		3461D5FB2794B116009E3B9A /* NewsScreen.swift in Sources */ = {isa = PBXBuildFile; fileRef = 3461D5FA2794B116009E3B9A /* NewsScreen.swift */; };
		3461D5FD2794B1D4009E3B9A /* Navigation in Frameworks */ = {isa = PBXBuildFile; productRef = 3461D5FC2794B1D4009E3B9A /* Navigation */; };
		3461D6012794B537009E3B9A /* NewsViewModel.swift in Sources */ = {isa = PBXBuildFile; fileRef = 3461D6002794B537009E3B9A /* NewsViewModel.swift */; };
		3461D6032794B5DA009E3B9A /* LoadingIndicatorModifier.swift in Sources */ = {isa = PBXBuildFile; fileRef = 3461D6022794B5DA009E3B9A /* LoadingIndicatorModifier.swift */; };
		3461D6052794B613009E3B9A /* Array.swift in Sources */ = {isa = PBXBuildFile; fileRef = 3461D6042794B613009E3B9A /* Array.swift */; };
		3461D60B2794B6C2009E3B9A /* Configurator.swift in Sources */ = {isa = PBXBuildFile; fileRef = 3461D60A2794B6C2009E3B9A /* Configurator.swift */; };
		3461D60D2794B787009E3B9A /* DataStorage in Frameworks */ = {isa = PBXBuildFile; productRef = 3461D60C2794B787009E3B9A /* DataStorage */; };
		3461D60F2794B78A009E3B9A /* ServiceLocator in Frameworks */ = {isa = PBXBuildFile; productRef = 3461D60E2794B78A009E3B9A /* ServiceLocator */; };
		3461D6112794B9B9009E3B9A /* LazyView.swift in Sources */ = {isa = PBXBuildFile; fileRef = 3461D6102794B9B9009E3B9A /* LazyView.swift */; };
		3461D6132794BA9B009E3B9A /* ContentViewModel.swift in Sources */ = {isa = PBXBuildFile; fileRef = 3461D6122794BA9B009E3B9A /* ContentViewModel.swift */; };
		34BD9167278D9072001E1D4C /* Otus2App.swift in Sources */ = {isa = PBXBuildFile; fileRef = 34BD9166278D9072001E1D4C /* Otus2App.swift */; };
		34BD9169278D9072001E1D4C /* ContentView.swift in Sources */ = {isa = PBXBuildFile; fileRef = 34BD9168278D9072001E1D4C /* ContentView.swift */; };
		34BD916B278D9074001E1D4C /* Assets.xcassets in Resources */ = {isa = PBXBuildFile; fileRef = 34BD916A278D9074001E1D4C /* Assets.xcassets */; };
		34BD916E278D9074001E1D4C /* Preview Assets.xcassets in Resources */ = {isa = PBXBuildFile; fileRef = 34BD916D278D9074001E1D4C /* Preview Assets.xcassets */; };
		34BFFE522796010A00FE2C8F /* Network in Frameworks */ = {isa = PBXBuildFile; productRef = 34BFFE512796010A00FE2C8F /* Network */; };
/* End PBXBuildFile section */

/* Begin PBXFileReference section */
		3461D5F82794AF60009E3B9A /* Navigation */ = {isa = PBXFileReference; lastKnownFileType = folder; path = Navigation; sourceTree = "<group>"; };
		3461D5FA2794B116009E3B9A /* NewsScreen.swift */ = {isa = PBXFileReference; lastKnownFileType = sourcecode.swift; path = NewsScreen.swift; sourceTree = "<group>"; };
		3461D5FE2794B3D8009E3B9A /* ServiceLocator */ = {isa = PBXFileReference; lastKnownFileType = folder; path = ServiceLocator; sourceTree = "<group>"; };
		3461D5FF2794B49C009E3B9A /* DataStorage */ = {isa = PBXFileReference; lastKnownFileType = folder; path = DataStorage; sourceTree = "<group>"; };
		3461D6002794B537009E3B9A /* NewsViewModel.swift */ = {isa = PBXFileReference; lastKnownFileType = sourcecode.swift; path = NewsViewModel.swift; sourceTree = "<group>"; };
		3461D6022794B5DA009E3B9A /* LoadingIndicatorModifier.swift */ = {isa = PBXFileReference; lastKnownFileType = sourcecode.swift; path = LoadingIndicatorModifier.swift; sourceTree = "<group>"; };
		3461D6042794B613009E3B9A /* Array.swift */ = {isa = PBXFileReference; lastKnownFileType = sourcecode.swift; path = Array.swift; sourceTree = "<group>"; };
		3461D60A2794B6C2009E3B9A /* Configurator.swift */ = {isa = PBXFileReference; lastKnownFileType = sourcecode.swift; path = Configurator.swift; sourceTree = "<group>"; };
		3461D6102794B9B9009E3B9A /* LazyView.swift */ = {isa = PBXFileReference; lastKnownFileType = sourcecode.swift; path = LazyView.swift; sourceTree = "<group>"; };
		3461D6122794BA9B009E3B9A /* ContentViewModel.swift */ = {isa = PBXFileReference; lastKnownFileType = sourcecode.swift; path = ContentViewModel.swift; sourceTree = "<group>"; };
		34BD9163278D9072001E1D4C /* Otus2.app */ = {isa = PBXFileReference; explicitFileType = wrapper.application; includeInIndex = 0; path = Otus2.app; sourceTree = BUILT_PRODUCTS_DIR; };
		34BD9166278D9072001E1D4C /* Otus2App.swift */ = {isa = PBXFileReference; lastKnownFileType = sourcecode.swift; path = Otus2App.swift; sourceTree = "<group>"; };
		34BD9168278D9072001E1D4C /* ContentView.swift */ = {isa = PBXFileReference; lastKnownFileType = sourcecode.swift; path = ContentView.swift; sourceTree = "<group>"; };
		34BD916A278D9074001E1D4C /* Assets.xcassets */ = {isa = PBXFileReference; lastKnownFileType = folder.assetcatalog; path = Assets.xcassets; sourceTree = "<group>"; };
		34BD916D278D9074001E1D4C /* Preview Assets.xcassets */ = {isa = PBXFileReference; lastKnownFileType = folder.assetcatalog; path = "Preview Assets.xcassets"; sourceTree = "<group>"; };
		34BFFE502796010100FE2C8F /* Network */ = {isa = PBXFileReference; lastKnownFileType = folder; path = Network; sourceTree = "<group>"; };
/* End PBXFileReference section */

/* Begin PBXFrameworksBuildPhase section */
		34BD9160278D9072001E1D4C /* Frameworks */ = {
			isa = PBXFrameworksBuildPhase;
			buildActionMask = 2147483647;
			files = (
				3461D5FD2794B1D4009E3B9A /* Navigation in Frameworks */,
				34BFFE522796010A00FE2C8F /* Network in Frameworks */,
				3461D60D2794B787009E3B9A /* DataStorage in Frameworks */,
				3461D60F2794B78A009E3B9A /* ServiceLocator in Frameworks */,
			);
			runOnlyForDeploymentPostprocessing = 0;
		};
/* End PBXFrameworksBuildPhase section */

/* Begin PBXGroup section */
		3461D5F92794B100009E3B9A /* News */ = {
			isa = PBXGroup;
			children = (
				3461D5FA2794B116009E3B9A /* NewsScreen.swift */,
				3461D6002794B537009E3B9A /* NewsViewModel.swift */,
			);
			path = News;
			sourceTree = "<group>";
		};
		3461D6072794B677009E3B9A /* ContentView */ = {
			isa = PBXGroup;
			children = (
				34BD9168278D9072001E1D4C /* ContentView.swift */,
				3461D6122794BA9B009E3B9A /* ContentViewModel.swift */,
			);
			path = ContentView;
			sourceTree = "<group>";
		};
		3461D6082794B682009E3B9A /* Modifiers */ = {
			isa = PBXGroup;
			children = (
				3461D6022794B5DA009E3B9A /* LoadingIndicatorModifier.swift */,
			);
			path = Modifiers;
			sourceTree = "<group>";
		};
		3461D6092794B68F009E3B9A /* Extensions */ = {
			isa = PBXGroup;
			children = (
				3461D6042794B613009E3B9A /* Array.swift */,
				3461D6102794B9B9009E3B9A /* LazyView.swift */,
			);
			path = Extensions;
			sourceTree = "<group>";
		};
		34BD915A278D9072001E1D4C = {
			isa = PBXGroup;
			children = (
				34BD9174278D9BCD001E1D4C /* Modules */,
				34BD9165278D9072001E1D4C /* Otus2 */,
				34BD9164278D9072001E1D4C /* Products */,
				34BD9176278D9C11001E1D4C /* Frameworks */,
			);
			sourceTree = "<group>";
		};
		34BD9164278D9072001E1D4C /* Products */ = {
			isa = PBXGroup;
			children = (
				34BD9163278D9072001E1D4C /* Otus2.app */,
			);
			name = Products;
			sourceTree = "<group>";
		};
		34BD9165278D9072001E1D4C /* Otus2 */ = {
			isa = PBXGroup;
			children = (
				34BD916A278D9074001E1D4C /* Assets.xcassets */,
				3461D60A2794B6C2009E3B9A /* Configurator.swift */,
				34BD9166278D9072001E1D4C /* Otus2App.swift */,
				3461D6092794B68F009E3B9A /* Extensions */,
				3461D6082794B682009E3B9A /* Modifiers */,
				3461D6072794B677009E3B9A /* ContentView */,
				3461D5F92794B100009E3B9A /* News */,
				34BD916C278D9074001E1D4C /* Preview Content */,
			);
			path = Otus2;
			sourceTree = "<group>";
		};
		34BD916C278D9074001E1D4C /* Preview Content */ = {
			isa = PBXGroup;
			children = (
				34BD916D278D9074001E1D4C /* Preview Assets.xcassets */,
			);
			path = "Preview Content";
			sourceTree = "<group>";
		};
		34BD9174278D9BCD001E1D4C /* Modules */ = {
			isa = PBXGroup;
			children = (
				34BFFE502796010100FE2C8F /* Network */,
				3461D5FF2794B49C009E3B9A /* DataStorage */,
				3461D5FE2794B3D8009E3B9A /* ServiceLocator */,
				3461D5F82794AF60009E3B9A /* Navigation */,
			);
			path = Modules;
			sourceTree = "<group>";
		};
		34BD9176278D9C11001E1D4C /* Frameworks */ = {
			isa = PBXGroup;
			children = (
			);
			name = Frameworks;
			sourceTree = "<group>";
		};
/* End PBXGroup section */

/* Begin PBXNativeTarget section */
		34BD9162278D9072001E1D4C /* Otus2 */ = {
			isa = PBXNativeTarget;
			buildConfigurationList = 34BD9171278D9074001E1D4C /* Build configuration list for PBXNativeTarget "Otus2" */;
			buildPhases = (
				34BD915F278D9072001E1D4C /* Sources */,
				34BD9160278D9072001E1D4C /* Frameworks */,
				34BD9161278D9072001E1D4C /* Resources */,
			);
			buildRules = (
			);
			dependencies = (
			);
			name = Otus2;
			packageProductDependencies = (
				3461D5FC2794B1D4009E3B9A /* Navigation */,
				3461D60C2794B787009E3B9A /* DataStorage */,
				3461D60E2794B78A009E3B9A /* ServiceLocator */,
				34BFFE512796010A00FE2C8F /* Network */,
			);
			productName = Otus2;
			productReference = 34BD9163278D9072001E1D4C /* Otus2.app */;
			productType = "com.apple.product-type.application";
		};
/* End PBXNativeTarget section */

/* Begin PBXProject section */
		34BD915B278D9072001E1D4C /* Project object */ = {
			isa = PBXProject;
			attributes = {
				BuildIndependentTargetsInParallel = 1;
				LastSwiftUpdateCheck = 1310;
				LastUpgradeCheck = 1310;
				TargetAttributes = {
					34BD9162278D9072001E1D4C = {
						CreatedOnToolsVersion = 13.1;
					};
				};
			};
			buildConfigurationList = 34BD915E278D9072001E1D4C /* Build configuration list for PBXProject "Otus2" */;
			compatibilityVersion = "Xcode 13.0";
			developmentRegion = en;
			hasScannedForEncodings = 0;
			knownRegions = (
				en,
				Base,
			);
			mainGroup = 34BD915A278D9072001E1D4C;
			productRefGroup = 34BD9164278D9072001E1D4C /* Products */;
			projectDirPath = "";
			projectRoot = "";
			targets = (
				34BD9162278D9072001E1D4C /* Otus2 */,
			);
		};
/* End PBXProject section */

/* Begin PBXResourcesBuildPhase section */
		34BD9161278D9072001E1D4C /* Resources */ = {
			isa = PBXResourcesBuildPhase;
			buildActionMask = 2147483647;
			files = (
				34BD916E278D9074001E1D4C /* Preview Assets.xcassets in Resources */,
				34BD916B278D9074001E1D4C /* Assets.xcassets in Resources */,
			);
			runOnlyForDeploymentPostprocessing = 0;
		};
/* End PBXResourcesBuildPhase section */

/* Begin PBXSourcesBuildPhase section */
		34BD915F278D9072001E1D4C /* Sources */ = {
			isa = PBXSourcesBuildPhase;
			buildActionMask = 2147483647;
			files = (
				34BD9169278D9072001E1D4C /* ContentView.swift in Sources */,
				3461D6032794B5DA009E3B9A /* LoadingIndicatorModifier.swift in Sources */,
				34BD9167278D9072001E1D4C /* Otus2App.swift in Sources */,
				3461D6052794B613009E3B9A /* Array.swift in Sources */,
				3461D6112794B9B9009E3B9A /* LazyView.swift in Sources */,
				3461D6132794BA9B009E3B9A /* ContentViewModel.swift in Sources */,
				3461D60B2794B6C2009E3B9A /* Configurator.swift in Sources */,
				3461D5FB2794B116009E3B9A /* NewsScreen.swift in Sources */,
				3461D6012794B537009E3B9A /* NewsViewModel.swift in Sources */,
			);
			runOnlyForDeploymentPostprocessing = 0;
		};
/* End PBXSourcesBuildPhase section */

/* Begin XCBuildConfiguration section */
		34BD916F278D9074001E1D4C /* Debug */ = {
			isa = XCBuildConfiguration;
			buildSettings = {
				ALWAYS_SEARCH_USER_PATHS = NO;
				CLANG_ANALYZER_NONNULL = YES;
				CLANG_ANALYZER_NUMBER_OBJECT_CONVERSION = YES_AGGRESSIVE;
				CLANG_CXX_LANGUAGE_STANDARD = "gnu++17";
				CLANG_CXX_LIBRARY = "libc++";
				CLANG_ENABLE_MODULES = YES;
				CLANG_ENABLE_OBJC_ARC = YES;
				CLANG_ENABLE_OBJC_WEAK = YES;
				CLANG_WARN_BLOCK_CAPTURE_AUTORELEASING = YES;
				CLANG_WARN_BOOL_CONVERSION = YES;
				CLANG_WARN_COMMA = YES;
				CLANG_WARN_CONSTANT_CONVERSION = YES;
				CLANG_WARN_DEPRECATED_OBJC_IMPLEMENTATIONS = YES;
				CLANG_WARN_DIRECT_OBJC_ISA_USAGE = YES_ERROR;
				CLANG_WARN_DOCUMENTATION_COMMENTS = YES;
				CLANG_WARN_EMPTY_BODY = YES;
				CLANG_WARN_ENUM_CONVERSION = YES;
				CLANG_WARN_INFINITE_RECURSION = YES;
				CLANG_WARN_INT_CONVERSION = YES;
				CLANG_WARN_NON_LITERAL_NULL_CONVERSION = YES;
				CLANG_WARN_OBJC_IMPLICIT_RETAIN_SELF = YES;
				CLANG_WARN_OBJC_LITERAL_CONVERSION = YES;
				CLANG_WARN_OBJC_ROOT_CLASS = YES_ERROR;
				CLANG_WARN_QUOTED_INCLUDE_IN_FRAMEWORK_HEADER = YES;
				CLANG_WARN_RANGE_LOOP_ANALYSIS = YES;
				CLANG_WARN_STRICT_PROTOTYPES = YES;
				CLANG_WARN_SUSPICIOUS_MOVE = YES;
				CLANG_WARN_UNGUARDED_AVAILABILITY = YES_AGGRESSIVE;
				CLANG_WARN_UNREACHABLE_CODE = YES;
				CLANG_WARN__DUPLICATE_METHOD_MATCH = YES;
				COPY_PHASE_STRIP = NO;
				DEBUG_INFORMATION_FORMAT = dwarf;
				ENABLE_STRICT_OBJC_MSGSEND = YES;
				ENABLE_TESTABILITY = YES;
				GCC_C_LANGUAGE_STANDARD = gnu11;
				GCC_DYNAMIC_NO_PIC = NO;
				GCC_NO_COMMON_BLOCKS = YES;
				GCC_OPTIMIZATION_LEVEL = 0;
				GCC_PREPROCESSOR_DEFINITIONS = (
					"DEBUG=1",
					"$(inherited)",
				);
				GCC_WARN_64_TO_32_BIT_CONVERSION = YES;
				GCC_WARN_ABOUT_RETURN_TYPE = YES_ERROR;
				GCC_WARN_UNDECLARED_SELECTOR = YES;
				GCC_WARN_UNINITIALIZED_AUTOS = YES_AGGRESSIVE;
				GCC_WARN_UNUSED_FUNCTION = YES;
				GCC_WARN_UNUSED_VARIABLE = YES;
				IPHONEOS_DEPLOYMENT_TARGET = 15.0;
				MTL_ENABLE_DEBUG_INFO = INCLUDE_SOURCE;
				MTL_FAST_MATH = YES;
				ONLY_ACTIVE_ARCH = YES;
				SDKROOT = iphoneos;
				SWIFT_ACTIVE_COMPILATION_CONDITIONS = DEBUG;
				SWIFT_OPTIMIZATION_LEVEL = "-Onone";
			};
			name = Debug;
		};
		34BD9170278D9074001E1D4C /* Release */ = {
			isa = XCBuildConfiguration;
			buildSettings = {
				ALWAYS_SEARCH_USER_PATHS = NO;
				CLANG_ANALYZER_NONNULL = YES;
				CLANG_ANALYZER_NUMBER_OBJECT_CONVERSION = YES_AGGRESSIVE;
				CLANG_CXX_LANGUAGE_STANDARD = "gnu++17";
				CLANG_CXX_LIBRARY = "libc++";
				CLANG_ENABLE_MODULES = YES;
				CLANG_ENABLE_OBJC_ARC = YES;
				CLANG_ENABLE_OBJC_WEAK = YES;
				CLANG_WARN_BLOCK_CAPTURE_AUTORELEASING = YES;
				CLANG_WARN_BOOL_CONVERSION = YES;
				CLANG_WARN_COMMA = YES;
				CLANG_WARN_CONSTANT_CONVERSION = YES;
				CLANG_WARN_DEPRECATED_OBJC_IMPLEMENTATIONS = YES;
				CLANG_WARN_DIRECT_OBJC_ISA_USAGE = YES_ERROR;
				CLANG_WARN_DOCUMENTATION_COMMENTS = YES;
				CLANG_WARN_EMPTY_BODY = YES;
				CLANG_WARN_ENUM_CONVERSION = YES;
				CLANG_WARN_INFINITE_RECURSION = YES;
				CLANG_WARN_INT_CONVERSION = YES;
				CLANG_WARN_NON_LITERAL_NULL_CONVERSION = YES;
				CLANG_WARN_OBJC_IMPLICIT_RETAIN_SELF = YES;
				CLANG_WARN_OBJC_LITERAL_CONVERSION = YES;
				CLANG_WARN_OBJC_ROOT_CLASS = YES_ERROR;
				CLANG_WARN_QUOTED_INCLUDE_IN_FRAMEWORK_HEADER = YES;
				CLANG_WARN_RANGE_LOOP_ANALYSIS = YES;
				CLANG_WARN_STRICT_PROTOTYPES = YES;
				CLANG_WARN_SUSPICIOUS_MOVE = YES;
				CLANG_WARN_UNGUARDED_AVAILABILITY = YES_AGGRESSIVE;
				CLANG_WARN_UNREACHABLE_CODE = YES;
				CLANG_WARN__DUPLICATE_METHOD_MATCH = YES;
				COPY_PHASE_STRIP = NO;
				DEBUG_INFORMATION_FORMAT = "dwarf-with-dsym";
				ENABLE_NS_ASSERTIONS = NO;
				ENABLE_STRICT_OBJC_MSGSEND = YES;
				GCC_C_LANGUAGE_STANDARD = gnu11;
				GCC_NO_COMMON_BLOCKS = YES;
				GCC_WARN_64_TO_32_BIT_CONVERSION = YES;
				GCC_WARN_ABOUT_RETURN_TYPE = YES_ERROR;
				GCC_WARN_UNDECLARED_SELECTOR = YES;
				GCC_WARN_UNINITIALIZED_AUTOS = YES_AGGRESSIVE;
				GCC_WARN_UNUSED_FUNCTION = YES;
				GCC_WARN_UNUSED_VARIABLE = YES;
				IPHONEOS_DEPLOYMENT_TARGET = 15.0;
				MTL_ENABLE_DEBUG_INFO = NO;
				MTL_FAST_MATH = YES;
				SDKROOT = iphoneos;
				SWIFT_COMPILATION_MODE = wholemodule;
				SWIFT_OPTIMIZATION_LEVEL = "-O";
				VALIDATE_PRODUCT = YES;
			};
			name = Release;
		};
		34BD9172278D9074001E1D4C /* Debug */ = {
			isa = XCBuildConfiguration;
			buildSettings = {
				ASSETCATALOG_COMPILER_APPICON_NAME = AppIcon;
				ASSETCATALOG_COMPILER_GLOBAL_ACCENT_COLOR_NAME = AccentColor;
				CODE_SIGN_STYLE = Automatic;
				CURRENT_PROJECT_VERSION = 1;
				DEVELOPMENT_ASSET_PATHS = "\"Otus2/Preview Content\"";
				DEVELOPMENT_TEAM = 8HA3X89398;
				ENABLE_PREVIEWS = YES;
				GENERATE_INFOPLIST_FILE = YES;
				INFOPLIST_KEY_UIApplicationSceneManifest_Generation = YES;
				INFOPLIST_KEY_UIApplicationSupportsIndirectInputEvents = YES;
				INFOPLIST_KEY_UILaunchScreen_Generation = YES;
				INFOPLIST_KEY_UISupportedInterfaceOrientations_iPad = "UIInterfaceOrientationPortrait UIInterfaceOrientationPortraitUpsideDown UIInterfaceOrientationLandscapeLeft UIInterfaceOrientationLandscapeRight";
				INFOPLIST_KEY_UISupportedInterfaceOrientations_iPhone = "UIInterfaceOrientationPortrait UIInterfaceOrientationLandscapeLeft UIInterfaceOrientationLandscapeRight";
				LD_RUNPATH_SEARCH_PATHS = (
					"$(inherited)",
					"@executable_path/Frameworks",
				);
				MARKETING_VERSION = 1.0;
				PRODUCT_BUNDLE_IDENTIFIER = com.renevaDevelopment.Otus2;
				PRODUCT_NAME = "$(TARGET_NAME)";
				SWIFT_EMIT_LOC_STRINGS = YES;
				SWIFT_VERSION = 5.0;
				TARGETED_DEVICE_FAMILY = "1,2";
			};
			name = Debug;
		};
		34BD9173278D9074001E1D4C /* Release */ = {
			isa = XCBuildConfiguration;
			buildSettings = {
				ASSETCATALOG_COMPILER_APPICON_NAME = AppIcon;
				ASSETCATALOG_COMPILER_GLOBAL_ACCENT_COLOR_NAME = AccentColor;
				CODE_SIGN_STYLE = Automatic;
				CURRENT_PROJECT_VERSION = 1;
				DEVELOPMENT_ASSET_PATHS = "\"Otus2/Preview Content\"";
				DEVELOPMENT_TEAM = 8HA3X89398;
				ENABLE_PREVIEWS = YES;
				GENERATE_INFOPLIST_FILE = YES;
				INFOPLIST_KEY_UIApplicationSceneManifest_Generation = YES;
				INFOPLIST_KEY_UIApplicationSupportsIndirectInputEvents = YES;
				INFOPLIST_KEY_UILaunchScreen_Generation = YES;
				INFOPLIST_KEY_UISupportedInterfaceOrientations_iPad = "UIInterfaceOrientationPortrait UIInterfaceOrientationPortraitUpsideDown UIInterfaceOrientationLandscapeLeft UIInterfaceOrientationLandscapeRight";
				INFOPLIST_KEY_UISupportedInterfaceOrientations_iPhone = "UIInterfaceOrientationPortrait UIInterfaceOrientationLandscapeLeft UIInterfaceOrientationLandscapeRight";
				LD_RUNPATH_SEARCH_PATHS = (
					"$(inherited)",
					"@executable_path/Frameworks",
				);
				MARKETING_VERSION = 1.0;
				PRODUCT_BUNDLE_IDENTIFIER = com.renevaDevelopment.Otus2;
				PRODUCT_NAME = "$(TARGET_NAME)";
				SWIFT_EMIT_LOC_STRINGS = YES;
				SWIFT_VERSION = 5.0;
				TARGETED_DEVICE_FAMILY = "1,2";
			};
			name = Release;
		};
/* End XCBuildConfiguration section */

/* Begin XCConfigurationList section */
		34BD915E278D9072001E1D4C /* Build configuration list for PBXProject "Otus2" */ = {
			isa = XCConfigurationList;
			buildConfigurations = (
				34BD916F278D9074001E1D4C /* Debug */,
				34BD9170278D9074001E1D4C /* Release */,
			);
			defaultConfigurationIsVisible = 0;
			defaultConfigurationName = Release;
		};
		34BD9171278D9074001E1D4C /* Build configuration list for PBXNativeTarget "Otus2" */ = {
			isa = XCConfigurationList;
			buildConfigurations = (
				34BD9172278D9074001E1D4C /* Debug */,
				34BD9173278D9074001E1D4C /* Release */,
			);
			defaultConfigurationIsVisible = 0;
			defaultConfigurationName = Release;
		};
/* End XCConfigurationList section */

/* Begin XCSwiftPackageProductDependency section */
		3461D5FC2794B1D4009E3B9A /* Navigation */ = {
			isa = XCSwiftPackageProductDependency;
			productName = Navigation;
		};
		3461D60C2794B787009E3B9A /* DataStorage */ = {
			isa = XCSwiftPackageProductDependency;
			productName = DataStorage;
		};
		3461D60E2794B78A009E3B9A /* ServiceLocator */ = {
			isa = XCSwiftPackageProductDependency;
			productName = ServiceLocator;
		};
		34BFFE512796010A00FE2C8F /* Network */ = {
			isa = XCSwiftPackageProductDependency;
			productName = Network;
		};
/* End XCSwiftPackageProductDependency section */
	};
	rootObject = 34BD915B278D9072001E1D4C /* Project object */;
}
